
Microsoft Visual Studio Solution File, Format Version 12.00
# Visual Studio Version 17
VisualStudioVersion = 17.4.33110.190
MinimumVisualStudioVersion = 10.0.40219.1
Project("{9A19103F-16F7-4668-BE54-9A1E7A4F7556}") = "Exaple", "Exaple\Exaple.csproj", "{BE43DA95-6D4E-4639-A8D8-00ABCCBBEF00}"
EndProject
Global
	GlobalSection(SolutionConfigurationPlatforms) = preSolution
		Debug|Any CPU = Debug|Any CPU
		Release|Any CPU = Release|Any CPU
	EndGlobalSection
	GlobalSection(ProjectConfigurationPlatforms) = postSolution
		{BE43DA95-6D4E-4639-A8D8-00ABCCBBEF00}.Debug|Any CPU.ActiveCfg = Debug|Any CPU
		{BE43DA95-6D4E-4639-A8D8-00ABCCBBEF00}.Debug|Any CPU.Build.0 = Debug|Any CPU
		{BE43DA95-6D4E-4639-A8D8-00ABCCBBEF00}.Release|Any CPU.ActiveCfg = Release|Any CPU
		{BE43DA95-6D4E-4639-A8D8-00ABCCBBEF00}.Release|Any CPU.Build.0 = Release|Any CPU
	EndGlobalSection
	GlobalSection(SolutionProperties) = preSolution
		HideSolutionNode = FALSE
	EndGlobalSection
	GlobalSection(ExtensibilityGlobals) = postSolution
		SolutionGuid = {0451151F-C367-4467-9474-8D8483C6449F}
	EndGlobalSection
EndGlobal
